{
    "name": "vercel-blob-downloader",
    "version": "1.0.0",
    "lockfileVersion": 3,
    "requires": true,
    "packages": {
        "": {
            "name": "vercel-blob-downloader",
            "version": "1.0.0",
            "license": "MIT",
            "dependencies": {
                "@vercel/blob": "^0.27.3",
                "inquirer": "^12.5.0"
            }
        },
        "node_modules/@fastify/busboy": {
            "version": "2.1.1",
            "resolved": "https://registry.npmjs.org/@fastify/busboy/-/busboy-2.1.1.tgz",
            "integrity": "sha512-vBZP4NlzfOlerQTnba4aqZoMhE/a9HY7HRqoOPaETQcSQuWEIyZMHGfVu6w9wGtGK5fED5qRs2DteVCjOH60sA==",
            "engines": {
                "node": ">=14"
            }
        },
        "node_modules/@inquirer/checkbox": {
            "version": "4.1.4",
            "resolved": "https://registry.npmjs.org/@inquirer/checkbox/-/checkbox-4.1.4.tgz",
            "integrity": "sha512-d30576EZdApjAMceijXA5jDzRQHT/MygbC+J8I7EqA6f/FRpYxlRtRJbHF8gHeWYeSdOuTEJqonn7QLB1ELezA==",
            "dependencies": {
                "@inquirer/core": "^10.1.9",
                "@inquirer/figures": "^1.0.11",
                "@inquirer/type": "^3.0.5",
                "ansi-escapes": "^4.3.2",
                "yoctocolors-cjs": "^2.1.2"
            },
            "engines": {
                "node": ">=18"
            },
            "peerDependencies": {
                "@types/node": ">=18"
            },
            "peerDependenciesMeta": {
                "@types/node": {
                    "optional": true
                }
            }
        },
        "node_modules/@inquirer/confirm": {
            "version": "5.1.8",
            "resolved": "https://registry.npmjs.org/@inquirer/confirm/-/confirm-5.1.8.tgz",
            "integrity": "sha512-dNLWCYZvXDjO3rnQfk2iuJNL4Ivwz/T2+C3+WnNfJKsNGSuOs3wAo2F6e0p946gtSAk31nZMfW+MRmYaplPKsg==",
            "dependencies": {
                "@inquirer/core": "^10.1.9",
                "@inquirer/type": "^3.0.5"
            },
            "engines": {
                "node": ">=18"
            },
            "peerDependencies": {
                "@types/node": ">=18"
            },
            "peerDependenciesMeta": {
                "@types/node": {
                    "optional": true
                }
            }
        },
        "node_modules/@inquirer/core": {
            "version": "10.1.9",
            "resolved": "https://registry.npmjs.org/@inquirer/core/-/core-10.1.9.tgz",
            "integrity": "sha512-sXhVB8n20NYkUBfDYgizGHlpRVaCRjtuzNZA6xpALIUbkgfd2Hjz+DfEN6+h1BRnuxw0/P4jCIMjMsEOAMwAJw==",
            "dependencies": {
                "@inquirer/figures": "^1.0.11",
                "@inquirer/type": "^3.0.5",
                "ansi-escapes": "^4.3.2",
                "cli-width": "^4.1.0",
                "mute-stream": "^2.0.0",
                "signal-exit": "^4.1.0",
                "wrap-ansi": "^6.2.0",
                "yoctocolors-cjs": "^2.1.2"
            },
            "engines": {
                "node": ">=18"
            },
            "peerDependencies": {
                "@types/node": ">=18"
            },
            "peerDependenciesMeta": {
                "@types/node": {
                    "optional": true
                }
            }
        },
        "node_modules/@inquirer/editor": {
            "version": "4.2.9",
            "resolved": "https://registry.npmjs.org/@inquirer/editor/-/editor-4.2.9.tgz",
            "integrity": "sha512-8HjOppAxO7O4wV1ETUlJFg6NDjp/W2NP5FB9ZPAcinAlNT4ZIWOLe2pUVwmmPRSV0NMdI5r/+lflN55AwZOKSw==",
            "dependencies": {
                "@inquirer/core": "^10.1.9",
                "@inquirer/type": "^3.0.5",
                "external-editor": "^3.1.0"
            },
            "engines": {
                "node": ">=18"
            },
            "peerDependencies": {
                "@types/node": ">=18"
            },
            "peerDependenciesMeta": {
                "@types/node": {
                    "optional": true
                }
            }
        },
        "node_modules/@inquirer/expand": {
            "version": "4.0.11",
            "resolved": "https://registry.npmjs.org/@inquirer/expand/-/expand-4.0.11.tgz",
            "integrity": "sha512-OZSUW4hFMW2TYvX/Sv+NnOZgO8CHT2TU1roUCUIF2T+wfw60XFRRp9MRUPCT06cRnKL+aemt2YmTWwt7rOrNEA==",
            "dependencies": {
                "@inquirer/core": "^10.1.9",
                "@inquirer/type": "^3.0.5",
                "yoctocolors-cjs": "^2.1.2"
            },
            "engines": {
                "node": ">=18"
            },
            "peerDependencies": {
                "@types/node": ">=18"
            },
            "peerDependenciesMeta": {
                "@types/node": {
                    "optional": true
                }
            }
        },
        "node_modules/@inquirer/figures": {
            "version": "1.0.11",
            "resolved": "https://registry.npmjs.org/@inquirer/figures/-/figures-1.0.11.tgz",
            "integrity": "sha512-eOg92lvrn/aRUqbxRyvpEWnrvRuTYRifixHkYVpJiygTgVSBIHDqLh0SrMQXkafvULg3ck11V7xvR+zcgvpHFw==",
            "engines": {
                "node": ">=18"
            }
        },
        "node_modules/@inquirer/input": {
            "version": "4.1.8",
            "resolved": "https://registry.npmjs.org/@inquirer/input/-/input-4.1.8.tgz",
            "integrity": "sha512-WXJI16oOZ3/LiENCAxe8joniNp8MQxF6Wi5V+EBbVA0ZIOpFcL4I9e7f7cXse0HJeIPCWO8Lcgnk98juItCi7Q==",
            "dependencies": {
                "@inquirer/core": "^10.1.9",
                "@inquirer/type": "^3.0.5"
            },
            "engines": {
                "node": ">=18"
            },
            "peerDependencies": {
                "@types/node": ">=18"
            },
            "peerDependenciesMeta": {
                "@types/node": {
                    "optional": true
                }
            }
        },
        "node_modules/@inquirer/number": {
            "version": "3.0.11",
            "resolved": "https://registry.npmjs.org/@inquirer/number/-/number-3.0.11.tgz",
            "integrity": "sha512-pQK68CsKOgwvU2eA53AG/4npRTH2pvs/pZ2bFvzpBhrznh8Mcwt19c+nMO7LHRr3Vreu1KPhNBF3vQAKrjIulw==",
            "dependencies": {
                "@inquirer/core": "^10.1.9",
                "@inquirer/type": "^3.0.5"
            },
            "engines": {
                "node": ">=18"
            },
            "peerDependencies": {
                "@types/node": ">=18"
            },
            "peerDependenciesMeta": {
                "@types/node": {
                    "optional": true
                }
            }
        },
        "node_modules/@inquirer/password": {
            "version": "4.0.11",
            "resolved": "https://registry.npmjs.org/@inquirer/password/-/password-4.0.11.tgz",
            "integrity": "sha512-dH6zLdv+HEv1nBs96Case6eppkRggMe8LoOTl30+Gq5Wf27AO/vHFgStTVz4aoevLdNXqwE23++IXGw4eiOXTg==",
            "dependencies": {
                "@inquirer/core": "^10.1.9",
                "@inquirer/type": "^3.0.5",
                "ansi-escapes": "^4.3.2"
            },
            "engines": {
                "node": ">=18"
            },
            "peerDependencies": {
                "@types/node": ">=18"
            },
            "peerDependenciesMeta": {
                "@types/node": {
                    "optional": true
                }
            }
        },
        "node_modules/@inquirer/prompts": {
            "version": "7.4.0",
            "resolved": "https://registry.npmjs.org/@inquirer/prompts/-/prompts-7.4.0.tgz",
            "integrity": "sha512-EZiJidQOT4O5PYtqnu1JbF0clv36oW2CviR66c7ma4LsupmmQlUwmdReGKRp456OWPWMz3PdrPiYg3aCk3op2w==",
            "dependencies": {
                "@inquirer/checkbox": "^4.1.4",
                "@inquirer/confirm": "^5.1.8",
                "@inquirer/editor": "^4.2.9",
                "@inquirer/expand": "^4.0.11",
                "@inquirer/input": "^4.1.8",
                "@inquirer/number": "^3.0.11",
                "@inquirer/password": "^4.0.11",
                "@inquirer/rawlist": "^4.0.11",
                "@inquirer/search": "^3.0.11",
                "@inquirer/select": "^4.1.0"
            },
            "engines": {
                "node": ">=18"
            },
            "peerDependencies": {
                "@types/node": ">=18"
            },
            "peerDependenciesMeta": {
                "@types/node": {
                    "optional": true
                }
            }
        },
        "node_modules/@inquirer/rawlist": {
            "version": "4.0.11",
            "resolved": "https://registry.npmjs.org/@inquirer/rawlist/-/rawlist-4.0.11.tgz",
            "integrity": "sha512-uAYtTx0IF/PqUAvsRrF3xvnxJV516wmR6YVONOmCWJbbt87HcDHLfL9wmBQFbNJRv5kCjdYKrZcavDkH3sVJPg==",
            "dependencies": {
                "@inquirer/core": "^10.1.9",
                "@inquirer/type": "^3.0.5",
                "yoctocolors-cjs": "^2.1.2"
            },
            "engines": {
                "node": ">=18"
            },
            "peerDependencies": {
                "@types/node": ">=18"
            },
            "peerDependenciesMeta": {
                "@types/node": {
                    "optional": true
                }
            }
        },
        "node_modules/@inquirer/search": {
            "version": "3.0.11",
            "resolved": "https://registry.npmjs.org/@inquirer/search/-/search-3.0.11.tgz",
            "integrity": "sha512-9CWQT0ikYcg6Ls3TOa7jljsD7PgjcsYEM0bYE+Gkz+uoW9u8eaJCRHJKkucpRE5+xKtaaDbrND+nPDoxzjYyew==",
            "dependencies": {
                "@inquirer/core": "^10.1.9",
                "@inquirer/figures": "^1.0.11",
                "@inquirer/type": "^3.0.5",
                "yoctocolors-cjs": "^2.1.2"
            },
            "engines": {
                "node": ">=18"
            },
            "peerDependencies": {
                "@types/node": ">=18"
            },
            "peerDependenciesMeta": {
                "@types/node": {
                    "optional": true
                }
            }
        },
        "node_modules/@inquirer/select": {
            "version": "4.1.0",
            "resolved": "https://registry.npmjs.org/@inquirer/select/-/select-4.1.0.tgz",
            "integrity": "sha512-z0a2fmgTSRN+YBuiK1ROfJ2Nvrpij5lVN3gPDkQGhavdvIVGHGW29LwYZfM/j42Ai2hUghTI/uoBuTbrJk42bA==",
            "dependencies": {
                "@inquirer/core": "^10.1.9",
                "@inquirer/figures": "^1.0.11",
                "@inquirer/type": "^3.0.5",
                "ansi-escapes": "^4.3.2",
                "yoctocolors-cjs": "^2.1.2"
            },
            "engines": {
                "node": ">=18"
            },
            "peerDependencies": {
                "@types/node": ">=18"
            },
            "peerDependenciesMeta": {
                "@types/node": {
                    "optional": true
                }
            }
        },
        "node_modules/@inquirer/type": {
            "version": "3.0.5",
            "resolved": "https://registry.npmjs.org/@inquirer/type/-/type-3.0.5.tgz",
            "integrity": "sha512-ZJpeIYYueOz/i/ONzrfof8g89kNdO2hjGuvULROo3O8rlB2CRtSseE5KeirnyE4t/thAn/EwvS/vuQeJCn+NZg==",
            "engines": {
                "node": ">=18"
            },
            "peerDependencies": {
                "@types/node": ">=18"
            },
            "peerDependenciesMeta": {
                "@types/node": {
                    "optional": true
                }
            }
        },
        "node_modules/@vercel/blob": {
            "version": "0.27.3",
            "resolved": "https://registry.npmjs.org/@vercel/blob/-/blob-0.27.3.tgz",
            "integrity": "sha512-WizeAxzOTmv0JL7wOaxvLIU/KdBcrclM1ZUOdSlIZAxsTTTe1jsyBthStLby0Ueh7FnmKYAjLz26qRJTk5SDkQ==",
            "dependencies": {
                "async-retry": "^1.3.3",
                "is-buffer": "^2.0.5",
                "is-node-process": "^1.2.0",
                "throttleit": "^2.1.0",
                "undici": "^5.28.4"
            },
            "engines": {
                "node": ">=16.14"
            }
        },
        "node_modules/ansi-escapes": {
            "version": "4.3.2",
            "resolved": "https://registry.npmjs.org/ansi-escapes/-/ansi-escapes-4.3.2.tgz",
            "integrity": "sha512-gKXj5ALrKWQLsYG9jlTRmR/xKluxHV+Z9QEwNIgCfM1/uwPMCuzVVnh5mwTd+OuBZcwSIMbqssNWRm1lE51QaQ==",
            "dependencies": {
                "type-fest": "^0.21.3"
            },
            "engines": {
                "node": ">=8"
            },
            "funding": {
                "url": "https://github.com/sponsors/sindresorhus"
            }
        },
        "node_modules/ansi-regex": {
            "version": "5.0.1",
            "resolved": "https://registry.npmjs.org/ansi-regex/-/ansi-regex-5.0.1.tgz",
            "integrity": "sha512-quJQXlTSUGL2LH9SUXo8VwsY4soanhgo6LNSm84E1LBcE8s3O0wpdiRzyR9z/ZZJMlMWv37qOOb9pdJlMUEKFQ==",
            "engines": {
                "node": ">=8"
            }
        },
        "node_modules/ansi-styles": {
            "version": "4.3.0",
            "resolved": "https://registry.npmjs.org/ansi-styles/-/ansi-styles-4.3.0.tgz",
            "integrity": "sha512-zbB9rCJAT1rbjiVDb2hqKFHNYLxgtk8NURxZ3IZwD3F6NtxbXZQCnnSi1Lkx+IDohdPlFp222wVALIheZJQSEg==",
            "dependencies": {
                "color-convert": "^2.0.1"
            },
            "engines": {
                "node": ">=8"
            },
            "funding": {
                "url": "https://github.com/chalk/ansi-styles?sponsor=1"
            }
        },
        "node_modules/async-retry": {
            "version": "1.3.3",
            "resolved": "https://registry.npmjs.org/async-retry/-/async-retry-1.3.3.tgz",
            "integrity": "sha512-wfr/jstw9xNi/0teMHrRW7dsz3Lt5ARhYNZ2ewpadnhaIp5mbALhOAP+EAdsC7t4Z6wqsDVv9+W6gm1Dk9mEyw==",
            "dependencies": {
                "retry": "0.13.1"
            }
        },
        "node_modules/chardet": {
            "version": "0.7.0",
            "resolved": "https://registry.npmjs.org/chardet/-/chardet-0.7.0.tgz",
            "integrity": "sha512-mT8iDcrh03qDGRRmoA2hmBJnxpllMR+0/0qlzjqZES6NdiWDcZkCNAk4rPFZ9Q85r27unkiNNg8ZOiwZXBHwcA=="
        },
        "node_modules/cli-width": {
            "version": "4.1.0",
            "resolved": "https://registry.npmjs.org/cli-width/-/cli-width-4.1.0.tgz",
            "integrity": "sha512-ouuZd4/dm2Sw5Gmqy6bGyNNNe1qt9RpmxveLSO7KcgsTnU7RXfsw+/bukWGo1abgBiMAic068rclZsO4IWmmxQ==",
            "engines": {
                "node": ">= 12"
            }
        },
        "node_modules/color-convert": {
            "version": "2.0.1",
            "resolved": "https://registry.npmjs.org/color-convert/-/color-convert-2.0.1.tgz",
            "integrity": "sha512-RRECPsj7iu/xb5oKYcsFHSppFNnsj/52OVTRKb4zP5onXwVF3zVmmToNcOfGC+CRDpfK/U584fMg38ZHCaElKQ==",
            "dependencies": {
                "color-name": "~1.1.4"
            },
            "engines": {
                "node": ">=7.0.0"
            }
        },
        "node_modules/color-name": {
            "version": "1.1.4",
            "resolved": "https://registry.npmjs.org/color-name/-/color-name-1.1.4.tgz",
            "integrity": "sha512-dOy+3AuW3a2wNbZHIuMZpTcgjGuLU/uBL/ubcZF9OXbDo8ff4O8yVp5Bf0efS8uEoYo5q4Fx7dY9OgQGXgAsQA=="
        },
        "node_modules/emoji-regex": {
            "version": "8.0.0",
            "resolved": "https://registry.npmjs.org/emoji-regex/-/emoji-regex-8.0.0.tgz",
            "integrity": "sha512-MSjYzcWNOA0ewAHpz0MxpYFvwg6yjy1NG3xteoqz644VCo/RPgnr1/GGt+ic3iJTzQ8Eu3TdM14SawnVUmGE6A=="
        },
        "node_modules/external-editor": {
            "version": "3.1.0",
            "resolved": "https://registry.npmjs.org/external-editor/-/external-editor-3.1.0.tgz",
            "integrity": "sha512-hMQ4CX1p1izmuLYyZqLMO/qGNw10wSv9QDCPfzXfyFrOaCSSoRfqE1Kf1s5an66J5JZC62NewG+mK49jOCtQew==",
            "dependencies": {
                "chardet": "^0.7.0",
                "iconv-lite": "^0.4.24",
                "tmp": "^0.0.33"
            },
            "engines": {
                "node": ">=4"
            }
        },
        "node_modules/iconv-lite": {
            "version": "0.4.24",
            "resolved": "https://registry.npmjs.org/iconv-lite/-/iconv-lite-0.4.24.tgz",
            "integrity": "sha512-v3MXnZAcvnywkTUEZomIActle7RXXeedOR31wwl7VlyoXO4Qi9arvSenNQWne1TcRwhCL1HwLI21bEqdpj8/rA==",
            "dependencies": {
                "safer-buffer": ">= 2.1.2 < 3"
            },
            "engines": {
                "node": ">=0.10.0"
            }
        },
        "node_modules/inquirer": {
            "version": "12.5.0",
            "resolved": "https://registry.npmjs.org/inquirer/-/inquirer-12.5.0.tgz",
            "integrity": "sha512-aiBBq5aKF1k87MTxXDylLfwpRwToShiHrSv4EmB07EYyLgmnjEz5B3rn0aGw1X3JA/64Ngf2T54oGwc+BCsPIQ==",
            "dependencies": {
                "@inquirer/core": "^10.1.9",
                "@inquirer/prompts": "^7.4.0",
                "@inquirer/type": "^3.0.5",
                "ansi-escapes": "^4.3.2",
                "mute-stream": "^2.0.0",
                "run-async": "^3.0.0",
                "rxjs": "^7.8.2"
            },
            "engines": {
                "node": ">=18"
            },
            "peerDependencies": {
                "@types/node": ">=18"
            },
            "peerDependenciesMeta": {
                "@types/node": {
                    "optional": true
                }
            }
        },
        "node_modules/is-buffer": {
            "version": "2.0.5",
            "resolved": "https://registry.npmjs.org/is-buffer/-/is-buffer-2.0.5.tgz",
            "integrity": "sha512-i2R6zNFDwgEHJyQUtJEk0XFi1i0dPFn/oqjK3/vPCcDeJvW5NQ83V8QbicfF1SupOaB0h8ntgBC2YiE7dfyctQ==",
            "funding": [
                {
                    "type": "github",
                    "url": "https://github.com/sponsors/feross"
                },
                {
                    "type": "patreon",
                    "url": "https://www.patreon.com/feross"
                },
                {
                    "type": "consulting",
                    "url": "https://feross.org/support"
                }
            ],
            "engines": {
                "node": ">=4"
            }
        },
        "node_modules/is-fullwidth-code-point": {
            "version": "3.0.0",
            "resolved": "https://registry.npmjs.org/is-fullwidth-code-point/-/is-fullwidth-code-point-3.0.0.tgz",
            "integrity": "sha512-zymm5+u+sCsSWyD9qNaejV3DFvhCKclKdizYaJUuHA83RLjb7nSuGnddCHGv0hk+KY7BMAlsWeK4Ueg6EV6XQg==",
            "engines": {
                "node": ">=8"
            }
        },
        "node_modules/is-node-process": {
            "version": "1.2.0",
            "resolved": "https://registry.npmjs.org/is-node-process/-/is-node-process-1.2.0.tgz",
            "integrity": "sha512-Vg4o6/fqPxIjtxgUH5QLJhwZ7gW5diGCVlXpuUfELC62CuxM1iHcRe51f2W1FDy04Ai4KJkagKjx3XaqyfRKXw=="
        },
        "node_modules/mute-stream": {
            "version": "2.0.0",
            "resolved": "https://registry.npmjs.org/mute-stream/-/mute-stream-2.0.0.tgz",
            "integrity": "sha512-WWdIxpyjEn+FhQJQQv9aQAYlHoNVdzIzUySNV1gHUPDSdZJ3yZn7pAAbQcV7B56Mvu881q9FZV+0Vx2xC44VWA==",
            "engines": {
                "node": "^18.17.0 || >=20.5.0"
            }
        },
        "node_modules/os-tmpdir": {
            "version": "1.0.2",
            "resolved": "https://registry.npmjs.org/os-tmpdir/-/os-tmpdir-1.0.2.tgz",
            "integrity": "sha512-D2FR03Vir7FIu45XBY20mTb+/ZSWB00sjU9jdQXt83gDrI4Ztz5Fs7/yy74g2N5SVQY4xY1qDr4rNddwYRVX0g==",
            "engines": {
                "node": ">=0.10.0"
            }
        },
        "node_modules/retry": {
            "version": "0.13.1",
            "resolved": "https://registry.npmjs.org/retry/-/retry-0.13.1.tgz",
            "integrity": "sha512-XQBQ3I8W1Cge0Seh+6gjj03LbmRFWuoszgK9ooCpwYIrhhoO80pfq4cUkU5DkknwfOfFteRwlZ56PYOGYyFWdg==",
            "engines": {
                "node": ">= 4"
            }
        },
        "node_modules/run-async": {
            "version": "3.0.0",
            "resolved": "https://registry.npmjs.org/run-async/-/run-async-3.0.0.tgz",
            "integrity": "sha512-540WwVDOMxA6dN6We19EcT9sc3hkXPw5mzRNGM3FkdN/vtE9NFvj5lFAPNwUDmJjXidm3v7TC1cTE7t17Ulm1Q==",
            "engines": {
                "node": ">=0.12.0"
            }
        },
        "node_modules/rxjs": {
            "version": "7.8.2",
            "resolved": "https://registry.npmjs.org/rxjs/-/rxjs-7.8.2.tgz",
            "integrity": "sha512-dhKf903U/PQZY6boNNtAGdWbG85WAbjT/1xYoZIC7FAY0yWapOBQVsVrDl58W86//e1VpMNBtRV4MaXfdMySFA==",
            "dependencies": {
                "tslib": "^2.1.0"
            }
        },
        "node_modules/safer-buffer": {
            "version": "2.1.2",
            "resolved": "https://registry.npmjs.org/safer-buffer/-/safer-buffer-2.1.2.tgz",
            "integrity": "sha512-YZo3K82SD7Riyi0E1EQPojLz7kpepnSQI9IyPbHHg1XXXevb5dJI7tpyN2ADxGcQbHG7vcyRHk0cbwqcQriUtg=="
        },
        "node_modules/signal-exit": {
            "version": "4.1.0",
            "resolved": "https://registry.npmjs.org/signal-exit/-/signal-exit-4.1.0.tgz",
            "integrity": "sha512-bzyZ1e88w9O1iNJbKnOlvYTrWPDl46O1bG0D3XInv+9tkPrxrN8jUUTiFlDkkmKWgn1M6CfIA13SuGqOa9Korw==",
            "engines": {
                "node": ">=14"
            },
            "funding": {
                "url": "https://github.com/sponsors/isaacs"
            }
        },
        "node_modules/string-width": {
            "version": "4.2.3",
            "resolved": "https://registry.npmjs.org/string-width/-/string-width-4.2.3.tgz",
            "integrity": "sha512-wKyQRQpjJ0sIp62ErSZdGsjMJWsap5oRNihHhu6G7JVO/9jIB6UyevL+tXuOqrng8j/cxKTWyWUwvSTriiZz/g==",
            "dependencies": {
                "emoji-regex": "^8.0.0",
                "is-fullwidth-code-point": "^3.0.0",
                "strip-ansi": "^6.0.1"
            },
            "engines": {
                "node": ">=8"
            }
        },
        "node_modules/strip-ansi": {
            "version": "6.0.1",
            "resolved": "https://registry.npmjs.org/strip-ansi/-/strip-ansi-6.0.1.tgz",
            "integrity": "sha512-Y38VPSHcqkFrCpFnQ9vuSXmquuv5oXOKpGeT6aGrr3o3Gc9AlVa6JBfUSOCnbxGGZF+/0ooI7KrPuUSztUdU5A==",
            "dependencies": {
                "ansi-regex": "^5.0.1"
            },
            "engines": {
                "node": ">=8"
            }
        },
        "node_modules/throttleit": {
            "version": "2.1.0",
            "resolved": "https://registry.npmjs.org/throttleit/-/throttleit-2.1.0.tgz",
            "integrity": "sha512-nt6AMGKW1p/70DF/hGBdJB57B8Tspmbp5gfJ8ilhLnt7kkr2ye7hzD6NVG8GGErk2HWF34igrL2CXmNIkzKqKw==",
            "engines": {
                "node": ">=18"
            },
            "funding": {
                "url": "https://github.com/sponsors/sindresorhus"
            }
        },
        "node_modules/tmp": {
            "version": "0.0.33",
            "resolved": "https://registry.npmjs.org/tmp/-/tmp-0.0.33.tgz",
            "integrity": "sha512-jRCJlojKnZ3addtTOjdIqoRuPEKBvNXcGYqzO6zWZX8KfKEpnGY5jfggJQ3EjKuu8D4bJRr0y+cYJFmYbImXGw==",
            "dependencies": {
                "os-tmpdir": "~1.0.2"
            },
            "engines": {
                "node": ">=0.6.0"
            }
        },
        "node_modules/tslib": {
            "version": "2.8.1",
            "resolved": "https://registry.npmjs.org/tslib/-/tslib-2.8.1.tgz",
            "integrity": "sha512-oJFu94HQb+KVduSUQL7wnpmqnfmLsOA/nAh6b6EH0wCEoK0/mPeXU6c3wKDV83MkOuHPRHtSXKKU99IBazS/2w=="
        },
        "node_modules/type-fest": {
            "version": "0.21.3",
            "resolved": "https://registry.npmjs.org/type-fest/-/type-fest-0.21.3.tgz",
            "integrity": "sha512-t0rzBq87m3fVcduHDUFhKmyyX+9eo6WQjZvf51Ea/M0Q7+T374Jp1aUiyUl0GKxp8M/OETVHSDvmkyPgvX+X2w==",
            "engines": {
                "node": ">=10"
            },
            "funding": {
                "url": "https://github.com/sponsors/sindresorhus"
            }
        },
        "node_modules/undici": {
            "version": "5.29.0",
            "resolved": "https://registry.npmjs.org/undici/-/undici-5.29.0.tgz",
            "integrity": "sha512-raqeBD6NQK4SkWhQzeYKd1KmIG6dllBOTt55Rmkt4HtI9mwdWtJljnrXjAFUBLTSN67HWrOIZ3EPF4kjUw80Bg==",
            "dependencies": {
                "@fastify/busboy": "^2.0.0"
            },
            "engines": {
                "node": ">=14.0"
            }
        },
        "node_modules/wrap-ansi": {
            "version": "6.2.0",
            "resolved": "https://registry.npmjs.org/wrap-ansi/-/wrap-ansi-6.2.0.tgz",
            "integrity": "sha512-r6lPcBGxZXlIcymEu7InxDMhdW0KDxpLgoFLcguasxCaJ/SOIZwINatK9KY/tf+ZrlywOKU0UDj3ATXUBfxJXA==",
            "dependencies": {
                "ansi-styles": "^4.0.0",
                "string-width": "^4.1.0",
                "strip-ansi": "^6.0.0"
            },
            "engines": {
                "node": ">=8"
            }
        },
        "node_modules/yoctocolors-cjs": {
            "version": "2.1.2",
            "resolved": "https://registry.npmjs.org/yoctocolors-cjs/-/yoctocolors-cjs-2.1.2.tgz",
            "integrity": "sha512-cYVsTjKl8b+FrnidjibDWskAv7UKOfcwaVZdp/it9n1s9fU3IkgDbhdIRKCW4JDsAlECJY0ytoVPT3sK6kideA==",
            "engines": {
                "node": ">=18"
            },
            "funding": {
                "url": "https://github.com/sponsors/sindresorhus"
            }
        }
    }
}
